
Microsoft Visual Studio Solution File, Format Version 12.00
# Visual Studio Version 17
VisualStudioVersion = 17.3.32901.215
MinimumVisualStudioVersion = 10.0.40219.1
Project("{FAE04EC0-301F-11D3-BF4B-00C04F79EFBC}") = "MvcCv", "MvcCv\MvcCv.csproj", "{6E7778DB-662B-4B8F-ACF1-B279B01D4C7C}"
EndProject
Global
	GlobalSection(SolutionConfigurationPlatforms) = preSolution
		Debug|Any CPU = Debug|Any CPU
		Release|Any CPU = Release|Any CPU
	EndGlobalSection
	GlobalSection(ProjectConfigurationPlatforms) = postSolution
		{6E7778DB-662B-4B8F-ACF1-B279B01D4C7C}.Debug|Any CPU.ActiveCfg = Debug|Any CPU
		{6E7778DB-662B-4B8F-ACF1-B279B01D4C7C}.Debug|Any CPU.Build.0 = Debug|Any CPU
		{6E7778DB-662B-4B8F-ACF1-B279B01D4C7C}.Release|Any CPU.ActiveCfg = Release|Any CPU
		{6E7778DB-662B-4B8F-ACF1-B279B01D4C7C}.Release|Any CPU.Build.0 = Release|Any CPU
	EndGlobalSection
	GlobalSection(SolutionProperties) = preSolution
		HideSolutionNode = FALSE
	EndGlobalSection
	GlobalSection(ExtensibilityGlobals) = postSolution
		SolutionGuid = {C4B61A7A-799F-4193-8DC5-9A4D2EF65582}
	EndGlobalSection
EndGlobal
